
Microsoft Visual Studio Solution File, Format Version 12.00
# Visual Studio Version 16
VisualStudioVersion = 16.0.30717.126
MinimumVisualStudioVersion = 10.0.40219.1
Project("{FAE04EC0-301F-11D3-BF4B-00C04F79EFBC}") = "TrackingComputerLibrary", "TrackingComputerLibrary\TrackingComputerLibrary.csproj", "{5CFB6F09-9D47-4060-9E4D-B93B54B4600B}"
EndProject
Global
	GlobalSection(SolutionConfigurationPlatforms) = preSolution
		Debug|Any CPU = Debug|Any CPU
		Release|Any CPU = Release|Any CPU
	EndGlobalSection
	GlobalSection(ProjectConfigurationPlatforms) = postSolution
		{5CFB6F09-9D47-4060-9E4D-B93B54B4600B}.Debug|Any CPU.ActiveCfg = Debug|Any CPU
		{5CFB6F09-9D47-4060-9E4D-B93B54B4600B}.Debug|Any CPU.Build.0 = Debug|Any CPU
		{5CFB6F09-9D47-4060-9E4D-B93B54B4600B}.Release|Any CPU.ActiveCfg = Release|Any CPU
		{5CFB6F09-9D47-4060-9E4D-B93B54B4600B}.Release|Any CPU.Build.0 = Release|Any CPU
	EndGlobalSection
	GlobalSection(SolutionProperties) = preSolution
		HideSolutionNode = FALSE
	EndGlobalSection
	GlobalSection(ExtensibilityGlobals) = postSolution
		SolutionGuid = {334DF9FE-DF1F-4FE8-BB4E-7740751A0DEB}
	EndGlobalSection
EndGlobal
